// !$*UTF8*$!
{
	archiveVersion = 1;
	classes = {
	};
	objectVersion = 46;
	objects = {

/* Begin PBXBuildFile section */
		EF16E1B41C93CD6400069B67 /* Operators.swift in Sources */ = {isa = PBXBuildFile; fileRef = EF16E1B31C93CD6400069B67 /* Operators.swift */; };
		EF16E1B61C94AB3C00069B67 /* SmallPlatform.swift in Sources */ = {isa = PBXBuildFile; fileRef = EF16E1B51C94AB3C00069B67 /* SmallPlatform.swift */; };
		EF16E1B81C94AD9100069B67 /* LowPlatform.swift in Sources */ = {isa = PBXBuildFile; fileRef = EF16E1B71C94AD9100069B67 /* LowPlatform.swift */; };
		EF16E1BA1C94AE6100069B67 /* MedPlatform.swift in Sources */ = {isa = PBXBuildFile; fileRef = EF16E1B91C94AE6100069B67 /* MedPlatform.swift */; };
		EF16E1BC1C94B0D400069B67 /* world.atlas in Resources */ = {isa = PBXBuildFile; fileRef = EF16E1BB1C94B0D400069B67 /* world.atlas */; };
		EF16E1BE1C94B35100069B67 /* orb.atlas in Resources */ = {isa = PBXBuildFile; fileRef = EF16E1BD1C94B35100069B67 /* orb.atlas */; };
		EF363CCB1C8F49D000A060F8 /* GameManager.swift in Sources */ = {isa = PBXBuildFile; fileRef = EF363CCA1C8F49D000A060F8 /* GameManager.swift */; };
		EF363CCD1C8F4B1800A060F8 /* Platform.swift in Sources */ = {isa = PBXBuildFile; fileRef = EF363CCC1C8F4B1800A060F8 /* Platform.swift */; };
		EF363CCF1C8F9A2900A060F8 /* LargePlatform.swift in Sources */ = {isa = PBXBuildFile; fileRef = EF363CCE1C8F9A2900A060F8 /* LargePlatform.swift */; };
		EF363CD11C9081BB00A060F8 /* ArrayExtension.swift in Sources */ = {isa = PBXBuildFile; fileRef = EF363CD01C9081BB00A060F8 /* ArrayExtension.swift */; };
		EF908A0C1C862A3F006364BA /* AppDelegate.swift in Sources */ = {isa = PBXBuildFile; fileRef = EF908A0B1C862A3F006364BA /* AppDelegate.swift */; };
		EF908A101C862A3F006364BA /* GameScene.swift in Sources */ = {isa = PBXBuildFile; fileRef = EF908A0F1C862A3F006364BA /* GameScene.swift */; };
		EF908A121C862A3F006364BA /* GameViewController.swift in Sources */ = {isa = PBXBuildFile; fileRef = EF908A111C862A3F006364BA /* GameViewController.swift */; };
		EF908A151C862A3F006364BA /* Main.storyboard in Resources */ = {isa = PBXBuildFile; fileRef = EF908A131C862A3F006364BA /* Main.storyboard */; };
		EF908A171C862A3F006364BA /* Assets.xcassets in Resources */ = {isa = PBXBuildFile; fileRef = EF908A161C862A3F006364BA /* Assets.xcassets */; };
		EF908A1A1C862A3F006364BA /* LaunchScreen.storyboard in Resources */ = {isa = PBXBuildFile; fileRef = EF908A181C862A3F006364BA /* LaunchScreen.storyboard */; };
		EF908A2F1C863093006364BA /* SKExtension.swift in Sources */ = {isa = PBXBuildFile; fileRef = EF908A2E1C863093006364BA /* SKExtension.swift */; };
		EF908A421C863CF5006364BA /* frame-got-hit.png in Resources */ = {isa = PBXBuildFile; fileRef = EF908A341C863CF5006364BA /* frame-got-hit.png */; };
		EF908A431C863CF5006364BA /* idle-1.png in Resources */ = {isa = PBXBuildFile; fileRef = EF908A361C863CF5006364BA /* idle-1.png */; };
		EF908A441C863CF5006364BA /* idle-2.png in Resources */ = {isa = PBXBuildFile; fileRef = EF908A371C863CF5006364BA /* idle-2.png */; };
		EF908A501C86438E006364BA /* Collision.swift in Sources */ = {isa = PBXBuildFile; fileRef = EF908A4F1C86438E006364BA /* Collision.swift */; };
		EF908A5B1C865D6A006364BA /* Spacing.swift in Sources */ = {isa = PBXBuildFile; fileRef = EF908A5A1C865D6A006364BA /* Spacing.swift */; };
		EF98A4521C876065005E57D1 /* SKProtocol.swift in Sources */ = {isa = PBXBuildFile; fileRef = EF98A4511C876065005E57D1 /* SKProtocol.swift */; };
		EF98A4541C8760EA005E57D1 /* BaseSprite.swift in Sources */ = {isa = PBXBuildFile; fileRef = EF98A4531C8760EA005E57D1 /* BaseSprite.swift */; };
		EF98A4561C8761D3005E57D1 /* MainPlatform.swift in Sources */ = {isa = PBXBuildFile; fileRef = EF98A4551C8761D3005E57D1 /* MainPlatform.swift */; };
		EF98A4581C876398005E57D1 /* Player.swift in Sources */ = {isa = PBXBuildFile; fileRef = EF98A4571C876398005E57D1 /* Player.swift */; };
		EF98A45A1C87652F005E57D1 /* Orb.swift in Sources */ = {isa = PBXBuildFile; fileRef = EF98A4591C87652F005E57D1 /* Orb.swift */; };
		EF98A45E1C876F74005E57D1 /* sfx-jump.mp3 in Resources */ = {isa = PBXBuildFile; fileRef = EF98A45D1C876F74005E57D1 /* sfx-jump.mp3 */; };
		EF98A4631C8775FF005E57D1 /* Coin.mp3 in Resources */ = {isa = PBXBuildFile; fileRef = EF98A45F1C8775FF005E57D1 /* Coin.mp3 */; };
		EF98A4641C8775FF005E57D1 /* S31-City-on-Speed.mp3 in Resources */ = {isa = PBXBuildFile; fileRef = EF98A4601C8775FF005E57D1 /* S31-City-on-Speed.mp3 */; };
		EF98A4651C8775FF005E57D1 /* S31-Internal-Reflection.mp3 in Resources */ = {isa = PBXBuildFile; fileRef = EF98A4611C8775FF005E57D1 /* S31-Internal-Reflection.mp3 */; };
		EF98A4661C8775FF005E57D1 /* spaceranger3.mp3 in Resources */ = {isa = PBXBuildFile; fileRef = EF98A4621C8775FF005E57D1 /* spaceranger3.mp3 */; };
		EF98A4681C877616005E57D1 /* Ascend.mp3 in Resources */ = {isa = PBXBuildFile; fileRef = EF98A4671C877616005E57D1 /* Ascend.mp3 */; };
		EFA8A9751C974AB700085A18 /* Phyiscs.swift in Sources */ = {isa = PBXBuildFile; fileRef = EFA8A9741C974AB700085A18 /* Phyiscs.swift */; };
		EFCF3E441C9130F60014A66C /* running.atlas in Resources */ = {isa = PBXBuildFile; fileRef = EFCF3E431C9130F60014A66C /* running.atlas */; };
		EFCF3E481C9132090014A66C /* jump.atlas in Resources */ = {isa = PBXBuildFile; fileRef = EFCF3E471C9132090014A66C /* jump.atlas */; };
		EFCF3E4A1C91321E0014A66C /* background.atlas in Resources */ = {isa = PBXBuildFile; fileRef = EFCF3E491C91321E0014A66C /* background.atlas */; };
		EFCF3E541C9207C70014A66C /* HUD.swift in Sources */ = {isa = PBXBuildFile; fileRef = EFCF3E531C9207C70014A66C /* HUD.swift */; };
		EFCF3E561C920D410014A66C /* BaseLabel.swift in Sources */ = {isa = PBXBuildFile; fileRef = EFCF3E551C920D410014A66C /* BaseLabel.swift */; };
		EFCF3E581C920EB10014A66C /* StartLabel.swift in Sources */ = {isa = PBXBuildFile; fileRef = EFCF3E571C920EB10014A66C /* StartLabel.swift */; };
		EFCF3E5C1C925EEB0014A66C /* sfx-fall.mp3 in Resources */ = {isa = PBXBuildFile; fileRef = EFCF3E5B1C925EEB0014A66C /* sfx-fall.mp3 */; };
		EFCF3E5E1C9260F20014A66C /* sfx-countdown-a.mp3 in Resources */ = {isa = PBXBuildFile; fileRef = EFCF3E5D1C9260F20014A66C /* sfx-countdown-a.mp3 */; };
		EFCF3E621C9262CE0014A66C /* sfx-countdown-b.mp3 in Resources */ = {isa = PBXBuildFile; fileRef = EFCF3E611C9262CE0014A66C /* sfx-countdown-b.mp3 */; };
		EFCF3E641C92794C0014A66C /* EndLabel.swift in Sources */ = {isa = PBXBuildFile; fileRef = EFCF3E631C92794C0014A66C /* EndLabel.swift */; };
/* End PBXBuildFile section */

/* Begin PBXFileReference section */
		EF16E1B31C93CD6400069B67 /* Operators.swift */ = {isa = PBXFileReference; fileEncoding = 4; lastKnownFileType = sourcecode.swift; path = Operators.swift; sourceTree = "<group>"; };
		EF16E1B51C94AB3C00069B67 /* SmallPlatform.swift */ = {isa = PBXFileReference; fileEncoding = 4; lastKnownFileType = sourcecode.swift; path = SmallPlatform.swift; sourceTree = "<group>"; };
		EF16E1B71C94AD9100069B67 /* LowPlatform.swift */ = {isa = PBXFileReference; fileEncoding = 4; lastKnownFileType = sourcecode.swift; path = LowPlatform.swift; sourceTree = "<group>"; };
		EF16E1B91C94AE6100069B67 /* MedPlatform.swift */ = {isa = PBXFileReference; fileEncoding = 4; lastKnownFileType = sourcecode.swift; path = MedPlatform.swift; sourceTree = "<group>"; };
		EF16E1BB1C94B0D400069B67 /* world.atlas */ = {isa = PBXFileReference; lastKnownFileType = folder.skatlas; path = world.atlas; sourceTree = "<group>"; };
		EF16E1BD1C94B35100069B67 /* orb.atlas */ = {isa = PBXFileReference; lastKnownFileType = folder.skatlas; path = orb.atlas; sourceTree = "<group>"; };
		EF363CCA1C8F49D000A060F8 /* GameManager.swift */ = {isa = PBXFileReference; fileEncoding = 4; lastKnownFileType = sourcecode.swift; path = GameManager.swift; sourceTree = "<group>"; };
		EF363CCC1C8F4B1800A060F8 /* Platform.swift */ = {isa = PBXFileReference; fileEncoding = 4; lastKnownFileType = sourcecode.swift; lineEnding = 0; path = Platform.swift; sourceTree = "<group>"; xcLanguageSpecificationIdentifier = xcode.lang.swift; };
		EF363CCE1C8F9A2900A060F8 /* LargePlatform.swift */ = {isa = PBXFileReference; fileEncoding = 4; lastKnownFileType = sourcecode.swift; lineEnding = 0; path = LargePlatform.swift; sourceTree = "<group>"; xcLanguageSpecificationIdentifier = xcode.lang.swift; };
		EF363CD01C9081BB00A060F8 /* ArrayExtension.swift */ = {isa = PBXFileReference; fileEncoding = 4; lastKnownFileType = sourcecode.swift; path = ArrayExtension.swift; sourceTree = "<group>"; };
		EF908A081C862A3F006364BA /* Orb.app */ = {isa = PBXFileReference; explicitFileType = wrapper.application; includeInIndex = 0; path = Orb.app; sourceTree = BUILT_PRODUCTS_DIR; };
		EF908A0B1C862A3F006364BA /* AppDelegate.swift */ = {isa = PBXFileReference; lastKnownFileType = sourcecode.swift; path = AppDelegate.swift; sourceTree = "<group>"; };
		EF908A0F1C862A3F006364BA /* GameScene.swift */ = {isa = PBXFileReference; lastKnownFileType = sourcecode.swift; path = GameScene.swift; sourceTree = "<group>"; };
		EF908A111C862A3F006364BA /* GameViewController.swift */ = {isa = PBXFileReference; lastKnownFileType = sourcecode.swift; path = GameViewController.swift; sourceTree = "<group>"; };
		EF908A141C862A3F006364BA /* Base */ = {isa = PBXFileReference; lastKnownFileType = file.storyboard; name = Base; path = Base.lproj/Main.storyboard; sourceTree = "<group>"; };
		EF908A161C862A3F006364BA /* Assets.xcassets */ = {isa = PBXFileReference; lastKnownFileType = folder.assetcatalog; path = Assets.xcassets; sourceTree = "<group>"; };
		EF908A191C862A3F006364BA /* Base */ = {isa = PBXFileReference; lastKnownFileType = file.storyboard; name = Base; path = Base.lproj/LaunchScreen.storyboard; sourceTree = "<group>"; };
		EF908A1B1C862A3F006364BA /* Info.plist */ = {isa = PBXFileReference; lastKnownFileType = text.plist.xml; path = Info.plist; sourceTree = "<group>"; };
		EF908A2E1C863093006364BA /* SKExtension.swift */ = {isa = PBXFileReference; fileEncoding = 4; lastKnownFileType = sourcecode.swift; path = SKExtension.swift; sourceTree = "<group>"; };
		EF908A341C863CF5006364BA /* frame-got-hit.png */ = {isa = PBXFileReference; lastKnownFileType = image.png; path = "frame-got-hit.png"; sourceTree = "<group>"; };
		EF908A361C863CF5006364BA /* idle-1.png */ = {isa = PBXFileReference; lastKnownFileType = image.png; path = "idle-1.png"; sourceTree = "<group>"; };
		EF908A371C863CF5006364BA /* idle-2.png */ = {isa = PBXFileReference; lastKnownFileType = image.png; path = "idle-2.png"; sourceTree = "<group>"; };
		EF908A4F1C86438E006364BA /* Collision.swift */ = {isa = PBXFileReference; fileEncoding = 4; lastKnownFileType = sourcecode.swift; path = Collision.swift; sourceTree = "<group>"; };
		EF908A5A1C865D6A006364BA /* Spacing.swift */ = {isa = PBXFileReference; fileEncoding = 4; lastKnownFileType = sourcecode.swift; path = Spacing.swift; sourceTree = "<group>"; };
		EF98A4511C876065005E57D1 /* SKProtocol.swift */ = {isa = PBXFileReference; fileEncoding = 4; lastKnownFileType = sourcecode.swift; path = SKProtocol.swift; sourceTree = "<group>"; };
		EF98A4531C8760EA005E57D1 /* BaseSprite.swift */ = {isa = PBXFileReference; fileEncoding = 4; lastKnownFileType = sourcecode.swift; lineEnding = 0; path = BaseSprite.swift; sourceTree = "<group>"; xcLanguageSpecificationIdentifier = xcode.lang.swift; };
		EF98A4551C8761D3005E57D1 /* MainPlatform.swift */ = {isa = PBXFileReference; fileEncoding = 4; lastKnownFileType = sourcecode.swift; lineEnding = 0; path = MainPlatform.swift; sourceTree = "<group>"; xcLanguageSpecificationIdentifier = xcode.lang.swift; };
		EF98A4571C876398005E57D1 /* Player.swift */ = {isa = PBXFileReference; fileEncoding = 4; lastKnownFileType = sourcecode.swift; lineEnding = 0; path = Player.swift; sourceTree = "<group>"; xcLanguageSpecificationIdentifier = xcode.lang.swift; };
		EF98A4591C87652F005E57D1 /* Orb.swift */ = {isa = PBXFileReference; fileEncoding = 4; lastKnownFileType = sourcecode.swift; lineEnding = 0; path = Orb.swift; sourceTree = "<group>"; xcLanguageSpecificationIdentifier = xcode.lang.swift; };
		EF98A45D1C876F74005E57D1 /* sfx-jump.mp3 */ = {isa = PBXFileReference; lastKnownFileType = audio.mp3; path = "sfx-jump.mp3"; sourceTree = "<group>"; };
		EF98A45F1C8775FF005E57D1 /* Coin.mp3 */ = {isa = PBXFileReference; lastKnownFileType = audio.mp3; path = Coin.mp3; sourceTree = "<group>"; };
		EF98A4601C8775FF005E57D1 /* S31-City-on-Speed.mp3 */ = {isa = PBXFileReference; lastKnownFileType = audio.mp3; path = "S31-City-on-Speed.mp3"; sourceTree = "<group>"; };
		EF98A4611C8775FF005E57D1 /* S31-Internal-Reflection.mp3 */ = {isa = PBXFileReference; lastKnownFileType = audio.mp3; path = "S31-Internal-Reflection.mp3"; sourceTree = "<group>"; };
		EF98A4621C8775FF005E57D1 /* spaceranger3.mp3 */ = {isa = PBXFileReference; lastKnownFileType = audio.mp3; path = spaceranger3.mp3; sourceTree = "<group>"; };
		EF98A4671C877616005E57D1 /* Ascend.mp3 */ = {isa = PBXFileReference; lastKnownFileType = audio.mp3; path = Ascend.mp3; sourceTree = "<group>"; };
		EFA8A9741C974AB700085A18 /* Phyiscs.swift */ = {isa = PBXFileReference; fileEncoding = 4; lastKnownFileType = sourcecode.swift; path = Phyiscs.swift; sourceTree = "<group>"; };
		EFCF3E431C9130F60014A66C /* running.atlas */ = {isa = PBXFileReference; lastKnownFileType = folder.skatlas; path = running.atlas; sourceTree = "<group>"; };
		EFCF3E471C9132090014A66C /* jump.atlas */ = {isa = PBXFileReference; lastKnownFileType = folder.skatlas; name = jump.atlas; path = idle/jump.atlas; sourceTree = "<group>"; };
		EFCF3E491C91321E0014A66C /* background.atlas */ = {isa = PBXFileReference; lastKnownFileType = folder.skatlas; path = background.atlas; sourceTree = "<group>"; };
		EFCF3E531C9207C70014A66C /* HUD.swift */ = {isa = PBXFileReference; fileEncoding = 4; lastKnownFileType = sourcecode.swift; lineEnding = 0; path = HUD.swift; sourceTree = "<group>"; xcLanguageSpecificationIdentifier = xcode.lang.swift; };
		EFCF3E551C920D410014A66C /* BaseLabel.swift */ = {isa = PBXFileReference; fileEncoding = 4; lastKnownFileType = sourcecode.swift; path = BaseLabel.swift; sourceTree = "<group>"; };
		EFCF3E571C920EB10014A66C /* StartLabel.swift */ = {isa = PBXFileReference; fileEncoding = 4; lastKnownFileType = sourcecode.swift; path = StartLabel.swift; sourceTree = "<group>"; };
		EFCF3E5B1C925EEB0014A66C /* sfx-fall.mp3 */ = {isa = PBXFileReference; lastKnownFileType = audio.mp3; path = "sfx-fall.mp3"; sourceTree = "<group>"; };
		EFCF3E5D1C9260F20014A66C /* sfx-countdown-a.mp3 */ = {isa = PBXFileReference; lastKnownFileType = audio.mp3; path = "sfx-countdown-a.mp3"; sourceTree = "<group>"; };
		EFCF3E611C9262CE0014A66C /* sfx-countdown-b.mp3 */ = {isa = PBXFileReference; lastKnownFileType = audio.mp3; path = "sfx-countdown-b.mp3"; sourceTree = "<group>"; };
		EFCF3E631C92794C0014A66C /* EndLabel.swift */ = {isa = PBXFileReference; fileEncoding = 4; lastKnownFileType = sourcecode.swift; path = EndLabel.swift; sourceTree = "<group>"; };
/* End PBXFileReference section */

/* Begin PBXFrameworksBuildPhase section */
		EF908A051C862A3F006364BA /* Frameworks */ = {
			isa = PBXFrameworksBuildPhase;
			buildActionMask = 2147483647;
			files = (
			);
			runOnlyForDeploymentPostprocessing = 0;
		};
/* End PBXFrameworksBuildPhase section */

/* Begin PBXGroup section */
		EF55D0D91C94B84A0020F89D /* Platforms */ = {
			isa = PBXGroup;
			children = (
				EF98A4551C8761D3005E57D1 /* MainPlatform.swift */,
				EF363CCE1C8F9A2900A060F8 /* LargePlatform.swift */,
				EF16E1B51C94AB3C00069B67 /* SmallPlatform.swift */,
				EF16E1B71C94AD9100069B67 /* LowPlatform.swift */,
				EF16E1B91C94AE6100069B67 /* MedPlatform.swift */,
				EF363CCC1C8F4B1800A060F8 /* Platform.swift */,
			);
			name = Platforms;
			sourceTree = "<group>";
		};
		EF55D0DA1C94B85E0020F89D /* Labels */ = {
			isa = PBXGroup;
			children = (
				EFCF3E551C920D410014A66C /* BaseLabel.swift */,
				EFCF3E631C92794C0014A66C /* EndLabel.swift */,
				EFCF3E571C920EB10014A66C /* StartLabel.swift */,
			);
			name = Labels;
			sourceTree = "<group>";
		};
		EF55D0DB1C94B8790020F89D /* Sprites */ = {
			isa = PBXGroup;
			children = (
				EF98A4531C8760EA005E57D1 /* BaseSprite.swift */,
				EF98A4591C87652F005E57D1 /* Orb.swift */,
				EF98A4571C876398005E57D1 /* Player.swift */,
				EF55D0D91C94B84A0020F89D /* Platforms */,
				EFCF3E531C9207C70014A66C /* HUD.swift */,
			);
			name = Sprites;
			sourceTree = "<group>";
		};
		EF9089FF1C862A3F006364BA = {
			isa = PBXGroup;
			children = (
				EF908A0A1C862A3F006364BA /* Orb */,
				EF908A091C862A3F006364BA /* Products */,
			);
			sourceTree = "<group>";
		};
		EF908A091C862A3F006364BA /* Products */ = {
			isa = PBXGroup;
			children = (
				EF908A081C862A3F006364BA /* Orb.app */,
			);
			name = Products;
			sourceTree = "<group>";
		};
		EF908A0A1C862A3F006364BA /* Orb */ = {
			isa = PBXGroup;
			children = (
				EF908A211C862B7F006364BA /* Res */,
				EF908A0B1C862A3F006364BA /* AppDelegate.swift */,
				EF908A0F1C862A3F006364BA /* GameScene.swift */,
				EF98A4511C876065005E57D1 /* SKProtocol.swift */,
				EFA8A9741C974AB700085A18 /* Phyiscs.swift */,
				EF55D0DB1C94B8790020F89D /* Sprites */,
				EF55D0DA1C94B85E0020F89D /* Labels */,
				EF363CD01C9081BB00A060F8 /* ArrayExtension.swift */,
				EF363CCA1C8F49D000A060F8 /* GameManager.swift */,
				EF16E1B31C93CD6400069B67 /* Operators.swift */,
				EF908A4F1C86438E006364BA /* Collision.swift */,
				EF908A5A1C865D6A006364BA /* Spacing.swift */,
				EF908A2E1C863093006364BA /* SKExtension.swift */,
				EF908A111C862A3F006364BA /* GameViewController.swift */,
				EF908A131C862A3F006364BA /* Main.storyboard */,
				EF908A161C862A3F006364BA /* Assets.xcassets */,
				EF908A181C862A3F006364BA /* LaunchScreen.storyboard */,
				EF908A1B1C862A3F006364BA /* Info.plist */,
			);
			name = Orb;
			path = Rpgby;
			sourceTree = "<group>";
		};
		EF908A211C862B7F006364BA /* Res */ = {
			isa = PBXGroup;
			children = (
				EF98A44A1C87504D005E57D1 /* sound */,
				EF16E1BD1C94B35100069B67 /* orb.atlas */,
				EF908A321C863CCA006364BA /* player */,
				EF908A311C863CC0006364BA /* world */,
			);
			name = Res;
			sourceTree = "<group>";
		};
		EF908A311C863CC0006364BA /* world */ = {
			isa = PBXGroup;
			children = (
				EF16E1BB1C94B0D400069B67 /* world.atlas */,
				EFCF3E491C91321E0014A66C /* background.atlas */,
			);
			name = world;
			sourceTree = "<group>";
		};
		EF908A321C863CCA006364BA /* player */ = {
			isa = PBXGroup;
			children = (
				EFCF3E471C9132090014A66C /* jump.atlas */,
				EFCF3E431C9130F60014A66C /* running.atlas */,
				EF908A331C863CF5006364BA /* got hit */,
				EF908A351C863CF5006364BA /* idle */,
			);
			name = player;
			sourceTree = "<group>";
		};
		EF908A331C863CF5006364BA /* got hit */ = {
			isa = PBXGroup;
			children = (
				EF908A341C863CF5006364BA /* frame-got-hit.png */,
			);
			path = "got hit";
			sourceTree = "<group>";
		};
		EF908A351C863CF5006364BA /* idle */ = {
			isa = PBXGroup;
			children = (
				EF908A361C863CF5006364BA /* idle-1.png */,
				EF908A371C863CF5006364BA /* idle-2.png */,
			);
			path = idle;
			sourceTree = "<group>";
		};
		EF98A44A1C87504D005E57D1 /* sound */ = {
			isa = PBXGroup;
			children = (
				EFCF3E5F1C9261E90014A66C /* music */,
				EF98A45F1C8775FF005E57D1 /* Coin.mp3 */,
				EFCF3E601C9261F40014A66C /* sfx */,
			);
			name = sound;
			sourceTree = "<group>";
		};
		EFCF3E5F1C9261E90014A66C /* music */ = {
			isa = PBXGroup;
			children = (
				EF98A4671C877616005E57D1 /* Ascend.mp3 */,
				EF98A4601C8775FF005E57D1 /* S31-City-on-Speed.mp3 */,
				EF98A4611C8775FF005E57D1 /* S31-Internal-Reflection.mp3 */,
				EF98A4621C8775FF005E57D1 /* spaceranger3.mp3 */,
			);
			name = music;
			sourceTree = "<group>";
		};
		EFCF3E601C9261F40014A66C /* sfx */ = {
			isa = PBXGroup;
			children = (
				EF98A45D1C876F74005E57D1 /* sfx-jump.mp3 */,
				EFCF3E5B1C925EEB0014A66C /* sfx-fall.mp3 */,
				EFCF3E5D1C9260F20014A66C /* sfx-countdown-a.mp3 */,
				EFCF3E611C9262CE0014A66C /* sfx-countdown-b.mp3 */,
			);
			name = sfx;
			sourceTree = "<group>";
		};
/* End PBXGroup section */

/* Begin PBXNativeTarget section */
		EF908A071C862A3F006364BA /* Orb */ = {
			isa = PBXNativeTarget;
			buildConfigurationList = EF908A1E1C862A3F006364BA /* Build configuration list for PBXNativeTarget "Orb" */;
			buildPhases = (
				EF908A041C862A3F006364BA /* Sources */,
				EF908A051C862A3F006364BA /* Frameworks */,
				EF908A061C862A3F006364BA /* Resources */,
			);
			buildRules = (
			);
			dependencies = (
			);
			name = Orb;
			productName = Rpgby;
			productReference = EF908A081C862A3F006364BA /* Orb.app */;
			productType = "com.apple.product-type.application";
		};
/* End PBXNativeTarget section */

/* Begin PBXProject section */
		EF908A001C862A3F006364BA /* Project object */ = {
			isa = PBXProject;
			attributes = {
				LastUpgradeCheck = 0720;
				ORGANIZATIONNAME = "James Carroll";
				TargetAttributes = {
					EF908A071C862A3F006364BA = {
						CreatedOnToolsVersion = 7.0;
					};
				};
			};
			buildConfigurationList = EF908A031C862A3F006364BA /* Build configuration list for PBXProject "Orb" */;
			compatibilityVersion = "Xcode 3.2";
			developmentRegion = English;
			hasScannedForEncodings = 0;
			knownRegions = (
				en,
				Base,
			);
			mainGroup = EF9089FF1C862A3F006364BA;
			productRefGroup = EF908A091C862A3F006364BA /* Products */;
			projectDirPath = "";
			projectRoot = "";
			targets = (
				EF908A071C862A3F006364BA /* Orb */,
			);
		};
/* End PBXProject section */

/* Begin PBXResourcesBuildPhase section */
		EF908A061C862A3F006364BA /* Resources */ = {
			isa = PBXResourcesBuildPhase;
			buildActionMask = 2147483647;
			files = (
				EFCF3E441C9130F60014A66C /* running.atlas in Resources */,
				EF98A45E1C876F74005E57D1 /* sfx-jump.mp3 in Resources */,
				EF908A421C863CF5006364BA /* frame-got-hit.png in Resources */,
				EF16E1BE1C94B35100069B67 /* orb.atlas in Resources */,
				EF98A4681C877616005E57D1 /* Ascend.mp3 in Resources */,
				EFCF3E5C1C925EEB0014A66C /* sfx-fall.mp3 in Resources */,
				EF908A1A1C862A3F006364BA /* LaunchScreen.storyboard in Resources */,
				EFCF3E5E1C9260F20014A66C /* sfx-countdown-a.mp3 in Resources */,
				EFCF3E621C9262CE0014A66C /* sfx-countdown-b.mp3 in Resources */,
				EF98A4631C8775FF005E57D1 /* Coin.mp3 in Resources */,
				EF98A4651C8775FF005E57D1 /* S31-Internal-Reflection.mp3 in Resources */,
				EFCF3E4A1C91321E0014A66C /* background.atlas in Resources */,
				EF908A441C863CF5006364BA /* idle-2.png in Resources */,
				EF98A4661C8775FF005E57D1 /* spaceranger3.mp3 in Resources */,
				EF908A431C863CF5006364BA /* idle-1.png in Resources */,
				EF908A171C862A3F006364BA /* Assets.xcassets in Resources */,
				EF98A4641C8775FF005E57D1 /* S31-City-on-Speed.mp3 in Resources */,
				EF16E1BC1C94B0D400069B67 /* world.atlas in Resources */,
				EF908A151C862A3F006364BA /* Main.storyboard in Resources */,
				EFCF3E481C9132090014A66C /* jump.atlas in Resources */,
			);
			runOnlyForDeploymentPostprocessing = 0;
		};
/* End PBXResourcesBuildPhase section */

/* Begin PBXSourcesBuildPhase section */
		EF908A041C862A3F006364BA /* Sources */ = {
			isa = PBXSourcesBuildPhase;
			buildActionMask = 2147483647;
			files = (
				EF363CD11C9081BB00A060F8 /* ArrayExtension.swift in Sources */,
				EF16E1B41C93CD6400069B67 /* Operators.swift in Sources */,
				EF363CCF1C8F9A2900A060F8 /* LargePlatform.swift in Sources */,
				EF363CCB1C8F49D000A060F8 /* GameManager.swift in Sources */,
				EF16E1B61C94AB3C00069B67 /* SmallPlatform.swift in Sources */,
				EF908A5B1C865D6A006364BA /* Spacing.swift in Sources */,
				EF98A4541C8760EA005E57D1 /* BaseSprite.swift in Sources */,
				EF16E1BA1C94AE6100069B67 /* MedPlatform.swift in Sources */,
				EFCF3E541C9207C70014A66C /* HUD.swift in Sources */,
				EFCF3E561C920D410014A66C /* BaseLabel.swift in Sources */,
				EF363CCD1C8F4B1800A060F8 /* Platform.swift in Sources */,
				EFA8A9751C974AB700085A18 /* Phyiscs.swift in Sources */,
				EF98A4521C876065005E57D1 /* SKProtocol.swift in Sources */,
				EF98A4581C876398005E57D1 /* Player.swift in Sources */,
				EF908A101C862A3F006364BA /* GameScene.swift in Sources */,
				EF908A121C862A3F006364BA /* GameViewController.swift in Sources */,
				EF98A4561C8761D3005E57D1 /* MainPlatform.swift in Sources */,
				EF16E1B81C94AD9100069B67 /* LowPlatform.swift in Sources */,
				EF98A45A1C87652F005E57D1 /* Orb.swift in Sources */,
				EFCF3E641C92794C0014A66C /* EndLabel.swift in Sources */,
				EF908A2F1C863093006364BA /* SKExtension.swift in Sources */,
				EF908A501C86438E006364BA /* Collision.swift in Sources */,
				EF908A0C1C862A3F006364BA /* AppDelegate.swift in Sources */,
				EFCF3E581C920EB10014A66C /* StartLabel.swift in Sources */,
			);
			runOnlyForDeploymentPostprocessing = 0;
		};
/* End PBXSourcesBuildPhase section */

/* Begin PBXVariantGroup section */
		EF908A131C862A3F006364BA /* Main.storyboard */ = {
			isa = PBXVariantGroup;
			children = (
				EF908A141C862A3F006364BA /* Base */,
			);
			name = Main.storyboard;
			sourceTree = "<group>";
		};
		EF908A181C862A3F006364BA /* LaunchScreen.storyboard */ = {
			isa = PBXVariantGroup;
			children = (
				EF908A191C862A3F006364BA /* Base */,
			);
			name = LaunchScreen.storyboard;
			sourceTree = "<group>";
		};
/* End PBXVariantGroup section */

/* Begin XCBuildConfiguration section */
		EF908A1C1C862A3F006364BA /* Debug */ = {
			isa = XCBuildConfiguration;
			buildSettings = {
				ALWAYS_SEARCH_USER_PATHS = NO;
				CLANG_CXX_LANGUAGE_STANDARD = "gnu++0x";
				CLANG_CXX_LIBRARY = "libc++";
				CLANG_ENABLE_MODULES = YES;
				CLANG_ENABLE_OBJC_ARC = YES;
				CLANG_WARN_BOOL_CONVERSION = YES;
				CLANG_WARN_CONSTANT_CONVERSION = YES;
				CLANG_WARN_DIRECT_OBJC_ISA_USAGE = YES_ERROR;
				CLANG_WARN_EMPTY_BODY = YES;
				CLANG_WARN_ENUM_CONVERSION = YES;
				CLANG_WARN_INT_CONVERSION = YES;
				CLANG_WARN_OBJC_ROOT_CLASS = YES_ERROR;
				CLANG_WARN_UNREACHABLE_CODE = YES;
				CLANG_WARN__DUPLICATE_METHOD_MATCH = YES;
				"CODE_SIGN_IDENTITY[sdk=iphoneos*]" = "iPhone Developer";
				COPY_PHASE_STRIP = NO;
				DEBUG_INFORMATION_FORMAT = "dwarf-with-dsym";
				ENABLE_STRICT_OBJC_MSGSEND = YES;
				ENABLE_TESTABILITY = YES;
				GCC_C_LANGUAGE_STANDARD = gnu99;
				GCC_DYNAMIC_NO_PIC = NO;
				GCC_NO_COMMON_BLOCKS = YES;
				GCC_OPTIMIZATION_LEVEL = 0;
				GCC_PREPROCESSOR_DEFINITIONS = (
					"DEBUG=1",
					"$(inherited)",
				);
				GCC_WARN_64_TO_32_BIT_CONVERSION = YES;
				GCC_WARN_ABOUT_RETURN_TYPE = YES_ERROR;
				GCC_WARN_UNDECLARED_SELECTOR = YES;
				GCC_WARN_UNINITIALIZED_AUTOS = YES_AGGRESSIVE;
				GCC_WARN_UNUSED_FUNCTION = YES;
				GCC_WARN_UNUSED_VARIABLE = YES;
				IPHONEOS_DEPLOYMENT_TARGET = 9.0;
				MTL_ENABLE_DEBUG_INFO = YES;
				ONLY_ACTIVE_ARCH = YES;
				SDKROOT = iphoneos;
				SWIFT_OPTIMIZATION_LEVEL = "-Onone";
				TARGETED_DEVICE_FAMILY = "1,2";
			};
			name = Debug;
		};
		EF908A1D1C862A3F006364BA /* Release */ = {
			isa = XCBuildConfiguration;
			buildSettings = {
				ALWAYS_SEARCH_USER_PATHS = NO;
				CLANG_CXX_LANGUAGE_STANDARD = "gnu++0x";
				CLANG_CXX_LIBRARY = "libc++";
				CLANG_ENABLE_MODULES = YES;
				CLANG_ENABLE_OBJC_ARC = YES;
				CLANG_WARN_BOOL_CONVERSION = YES;
				CLANG_WARN_CONSTANT_CONVERSION = YES;
				CLANG_WARN_DIRECT_OBJC_ISA_USAGE = YES_ERROR;
				CLANG_WARN_EMPTY_BODY = YES;
				CLANG_WARN_ENUM_CONVERSION = YES;
				CLANG_WARN_INT_CONVERSION = YES;
				CLANG_WARN_OBJC_ROOT_CLASS = YES_ERROR;
				CLANG_WARN_UNREACHABLE_CODE = YES;
				CLANG_WARN__DUPLICATE_METHOD_MATCH = YES;
				"CODE_SIGN_IDENTITY[sdk=iphoneos*]" = "iPhone Developer";
				COPY_PHASE_STRIP = NO;
				DEBUG_INFORMATION_FORMAT = "dwarf-with-dsym";
				ENABLE_NS_ASSERTIONS = NO;
				ENABLE_STRICT_OBJC_MSGSEND = YES;
				GCC_C_LANGUAGE_STANDARD = gnu99;
				GCC_NO_COMMON_BLOCKS = YES;
				GCC_WARN_64_TO_32_BIT_CONVERSION = YES;
				GCC_WARN_ABOUT_RETURN_TYPE = YES_ERROR;
				GCC_WARN_UNDECLARED_SELECTOR = YES;
				GCC_WARN_UNINITIALIZED_AUTOS = YES_AGGRESSIVE;
				GCC_WARN_UNUSED_FUNCTION = YES;
				GCC_WARN_UNUSED_VARIABLE = YES;
				IPHONEOS_DEPLOYMENT_TARGET = 9.0;
				MTL_ENABLE_DEBUG_INFO = NO;
				SDKROOT = iphoneos;
				TARGETED_DEVICE_FAMILY = "1,2";
				VALIDATE_PRODUCT = YES;
			};
			name = Release;
		};
		EF908A1F1C862A3F006364BA /* Debug */ = {
			isa = XCBuildConfiguration;
			buildSettings = {
				ASSETCATALOG_COMPILER_APPICON_NAME = AppIcon;
				INFOPLIST_FILE = Rpgby/Info.plist;
				IPHONEOS_DEPLOYMENT_TARGET = 9.0;
				LD_RUNPATH_SEARCH_PATHS = "$(inherited) @executable_path/Frameworks";
				PRODUCT_BUNDLE_IDENTIFIER = xyz.jamescarroll.Rpgby;
				PRODUCT_NAME = Orb;
				SDKROOT = iphoneos;
				TARGETED_DEVICE_FAMILY = "1,2";
				"Texture Atlas Maximum Size" = 2048x2048;
			};
			name = Debug;
		};
		EF908A201C862A3F006364BA /* Release */ = {
			isa = XCBuildConfiguration;
			buildSettings = {
				ASSETCATALOG_COMPILER_APPICON_NAME = AppIcon;
				INFOPLIST_FILE = Rpgby/Info.plist;
				IPHONEOS_DEPLOYMENT_TARGET = 9.0;
				LD_RUNPATH_SEARCH_PATHS = "$(inherited) @executable_path/Frameworks";
				PRODUCT_BUNDLE_IDENTIFIER = xyz.jamescarroll.Rpgby;
				PRODUCT_NAME = Orb;
				SDKROOT = iphoneos;
				TARGETED_DEVICE_FAMILY = "1,2";
				"Texture Atlas Maximum Size" = 2048x2048;
			};
			name = Release;
		};
/* End XCBuildConfiguration section */

/* Begin XCConfigurationList section */
		EF908A031C862A3F006364BA /* Build configuration list for PBXProject "Orb" */ = {
			isa = XCConfigurationList;
			buildConfigurations = (
				EF908A1C1C862A3F006364BA /* Debug */,
				EF908A1D1C862A3F006364BA /* Release */,
			);
			defaultConfigurationIsVisible = 0;
			defaultConfigurationName = Release;
		};
		EF908A1E1C862A3F006364BA /* Build configuration list for PBXNativeTarget "Orb" */ = {
			isa = XCConfigurationList;
			buildConfigurations = (
				EF908A1F1C862A3F006364BA /* Debug */,
				EF908A201C862A3F006364BA /* Release */,
			);
			defaultConfigurationIsVisible = 0;
			defaultConfigurationName = Release;
		};
/* End XCConfigurationList section */
	};
	rootObject = EF908A001C862A3F006364BA /* Project object */;
}
