// !$*UTF8*$!
{
	archiveVersion = 1;
	classes = {
	};
	objectVersion = 46;
	objects = {

/* Begin PBXBuildFile section */
		EF908A0C1C862A3F006364BA /* AppDelegate.swift in Sources */ = {isa = PBXBuildFile; fileRef = EF908A0B1C862A3F006364BA /* AppDelegate.swift */; };
		EF908A0E1C862A3F006364BA /* GameScene.sks in Resources */ = {isa = PBXBuildFile; fileRef = EF908A0D1C862A3F006364BA /* GameScene.sks */; };
		EF908A101C862A3F006364BA /* GameScene.swift in Sources */ = {isa = PBXBuildFile; fileRef = EF908A0F1C862A3F006364BA /* GameScene.swift */; };
		EF908A121C862A3F006364BA /* GameViewController.swift in Sources */ = {isa = PBXBuildFile; fileRef = EF908A111C862A3F006364BA /* GameViewController.swift */; };
		EF908A151C862A3F006364BA /* Main.storyboard in Resources */ = {isa = PBXBuildFile; fileRef = EF908A131C862A3F006364BA /* Main.storyboard */; };
		EF908A171C862A3F006364BA /* Assets.xcassets in Resources */ = {isa = PBXBuildFile; fileRef = EF908A161C862A3F006364BA /* Assets.xcassets */; };
		EF908A1A1C862A3F006364BA /* LaunchScreen.storyboard in Resources */ = {isa = PBXBuildFile; fileRef = EF908A181C862A3F006364BA /* LaunchScreen.storyboard */; };
		EF908A281C862BA2006364BA /* Background.png in Resources */ = {isa = PBXBuildFile; fileRef = EF908A221C862BA2006364BA /* Background.png */; settings = {ASSET_TAGS = (); }; };
		EF908A291C862BA2006364BA /* LargePlatform.png in Resources */ = {isa = PBXBuildFile; fileRef = EF908A231C862BA2006364BA /* LargePlatform.png */; settings = {ASSET_TAGS = (); }; };
		EF908A2A1C862BA2006364BA /* LowTile.png in Resources */ = {isa = PBXBuildFile; fileRef = EF908A241C862BA2006364BA /* LowTile.png */; settings = {ASSET_TAGS = (); }; };
		EF908A2B1C862BA2006364BA /* mainTile.png in Resources */ = {isa = PBXBuildFile; fileRef = EF908A251C862BA2006364BA /* mainTile.png */; settings = {ASSET_TAGS = (); }; };
		EF908A2C1C862BA2006364BA /* SmallPlatform.png in Resources */ = {isa = PBXBuildFile; fileRef = EF908A261C862BA2006364BA /* SmallPlatform.png */; settings = {ASSET_TAGS = (); }; };
		EF908A2D1C862BA2006364BA /* SmallTile.png in Resources */ = {isa = PBXBuildFile; fileRef = EF908A271C862BA2006364BA /* SmallTile.png */; settings = {ASSET_TAGS = (); }; };
		EF908A2F1C863093006364BA /* SKSpriteNodeExtension.swift in Sources */ = {isa = PBXBuildFile; fileRef = EF908A2E1C863093006364BA /* SKSpriteNodeExtension.swift */; settings = {ASSET_TAGS = (); }; };
		EF908A421C863CF5006364BA /* frame-got-hit.png in Resources */ = {isa = PBXBuildFile; fileRef = EF908A341C863CF5006364BA /* frame-got-hit.png */; settings = {ASSET_TAGS = (); }; };
		EF908A431C863CF5006364BA /* idle-1.png in Resources */ = {isa = PBXBuildFile; fileRef = EF908A361C863CF5006364BA /* idle-1.png */; settings = {ASSET_TAGS = (); }; };
		EF908A441C863CF5006364BA /* idle-2.png in Resources */ = {isa = PBXBuildFile; fileRef = EF908A371C863CF5006364BA /* idle-2.png */; settings = {ASSET_TAGS = (); }; };
		EF908A451C863CF5006364BA /* jump_fall.png in Resources */ = {isa = PBXBuildFile; fileRef = EF908A391C863CF5006364BA /* jump_fall.png */; settings = {ASSET_TAGS = (); }; };
		EF908A461C863CF5006364BA /* jump_up.png in Resources */ = {isa = PBXBuildFile; fileRef = EF908A3A1C863CF5006364BA /* jump_up.png */; settings = {ASSET_TAGS = (); }; };
		EF908A471C863CF5006364BA /* run-1.png in Resources */ = {isa = PBXBuildFile; fileRef = EF908A3C1C863CF5006364BA /* run-1.png */; settings = {ASSET_TAGS = (); }; };
		EF908A481C863CF5006364BA /* run-2.png in Resources */ = {isa = PBXBuildFile; fileRef = EF908A3D1C863CF5006364BA /* run-2.png */; settings = {ASSET_TAGS = (); }; };
		EF908A491C863CF5006364BA /* run-3.png in Resources */ = {isa = PBXBuildFile; fileRef = EF908A3E1C863CF5006364BA /* run-3.png */; settings = {ASSET_TAGS = (); }; };
		EF908A4A1C863CF5006364BA /* run-4.png in Resources */ = {isa = PBXBuildFile; fileRef = EF908A3F1C863CF5006364BA /* run-4.png */; settings = {ASSET_TAGS = (); }; };
		EF908A4B1C863CF5006364BA /* run-5.png in Resources */ = {isa = PBXBuildFile; fileRef = EF908A401C863CF5006364BA /* run-5.png */; settings = {ASSET_TAGS = (); }; };
		EF908A4C1C863CF5006364BA /* run-6.png in Resources */ = {isa = PBXBuildFile; fileRef = EF908A411C863CF5006364BA /* run-6.png */; settings = {ASSET_TAGS = (); }; };
		EF908A501C86438E006364BA /* Collision.swift in Sources */ = {isa = PBXBuildFile; fileRef = EF908A4F1C86438E006364BA /* Collision.swift */; settings = {ASSET_TAGS = (); }; };
		EF908A561C8659AF006364BA /* orb-blue.png in Resources */ = {isa = PBXBuildFile; fileRef = EF908A541C8659AF006364BA /* orb-blue.png */; settings = {ASSET_TAGS = (); }; };
		EF908A571C8659AF006364BA /* orb-red.png in Resources */ = {isa = PBXBuildFile; fileRef = EF908A551C8659AF006364BA /* orb-red.png */; settings = {ASSET_TAGS = (); }; };
		EF908A5B1C865D6A006364BA /* Spacing.swift in Sources */ = {isa = PBXBuildFile; fileRef = EF908A5A1C865D6A006364BA /* Spacing.swift */; settings = {ASSET_TAGS = (); }; };
		EF98A4521C876065005E57D1 /* Sprite.swift in Sources */ = {isa = PBXBuildFile; fileRef = EF98A4511C876065005E57D1 /* Sprite.swift */; settings = {ASSET_TAGS = (); }; };
		EF98A4541C8760EA005E57D1 /* BaseSprite.swift in Sources */ = {isa = PBXBuildFile; fileRef = EF98A4531C8760EA005E57D1 /* BaseSprite.swift */; settings = {ASSET_TAGS = (); }; };
		EF98A4561C8761D3005E57D1 /* MainPlatform.swift in Sources */ = {isa = PBXBuildFile; fileRef = EF98A4551C8761D3005E57D1 /* MainPlatform.swift */; settings = {ASSET_TAGS = (); }; };
		EF98A4581C876398005E57D1 /* Player.swift in Sources */ = {isa = PBXBuildFile; fileRef = EF98A4571C876398005E57D1 /* Player.swift */; settings = {ASSET_TAGS = (); }; };
		EF98A45A1C87652F005E57D1 /* Orb.swift in Sources */ = {isa = PBXBuildFile; fileRef = EF98A4591C87652F005E57D1 /* Orb.swift */; settings = {ASSET_TAGS = (); }; };
		EF98A45E1C876F74005E57D1 /* sfx-jump.mp3 in Resources */ = {isa = PBXBuildFile; fileRef = EF98A45D1C876F74005E57D1 /* sfx-jump.mp3 */; settings = {ASSET_TAGS = (); }; };
		EF98A4631C8775FF005E57D1 /* Coin.mp3 in Resources */ = {isa = PBXBuildFile; fileRef = EF98A45F1C8775FF005E57D1 /* Coin.mp3 */; settings = {ASSET_TAGS = (); }; };
		EF98A4641C8775FF005E57D1 /* S31-City-on-Speed.mp3 in Resources */ = {isa = PBXBuildFile; fileRef = EF98A4601C8775FF005E57D1 /* S31-City-on-Speed.mp3 */; settings = {ASSET_TAGS = (); }; };
		EF98A4651C8775FF005E57D1 /* S31-Internal-Reflection.mp3 in Resources */ = {isa = PBXBuildFile; fileRef = EF98A4611C8775FF005E57D1 /* S31-Internal-Reflection.mp3 */; settings = {ASSET_TAGS = (); }; };
		EF98A4661C8775FF005E57D1 /* spaceranger3.mp3 in Resources */ = {isa = PBXBuildFile; fileRef = EF98A4621C8775FF005E57D1 /* spaceranger3.mp3 */; settings = {ASSET_TAGS = (); }; };
		EF98A4681C877616005E57D1 /* Ascend.mp3 in Resources */ = {isa = PBXBuildFile; fileRef = EF98A4671C877616005E57D1 /* Ascend.mp3 */; settings = {ASSET_TAGS = (); }; };
/* End PBXBuildFile section */

/* Begin PBXFileReference section */
		EF908A081C862A3F006364BA /* Rpgby.app */ = {isa = PBXFileReference; explicitFileType = wrapper.application; includeInIndex = 0; path = Rpgby.app; sourceTree = BUILT_PRODUCTS_DIR; };
		EF908A0B1C862A3F006364BA /* AppDelegate.swift */ = {isa = PBXFileReference; lastKnownFileType = sourcecode.swift; path = AppDelegate.swift; sourceTree = "<group>"; };
		EF908A0D1C862A3F006364BA /* GameScene.sks */ = {isa = PBXFileReference; lastKnownFileType = file.sks; path = GameScene.sks; sourceTree = "<group>"; };
		EF908A0F1C862A3F006364BA /* GameScene.swift */ = {isa = PBXFileReference; lastKnownFileType = sourcecode.swift; path = GameScene.swift; sourceTree = "<group>"; };
		EF908A111C862A3F006364BA /* GameViewController.swift */ = {isa = PBXFileReference; lastKnownFileType = sourcecode.swift; path = GameViewController.swift; sourceTree = "<group>"; };
		EF908A141C862A3F006364BA /* Base */ = {isa = PBXFileReference; lastKnownFileType = file.storyboard; name = Base; path = Base.lproj/Main.storyboard; sourceTree = "<group>"; };
		EF908A161C862A3F006364BA /* Assets.xcassets */ = {isa = PBXFileReference; lastKnownFileType = folder.assetcatalog; path = Assets.xcassets; sourceTree = "<group>"; };
		EF908A191C862A3F006364BA /* Base */ = {isa = PBXFileReference; lastKnownFileType = file.storyboard; name = Base; path = Base.lproj/LaunchScreen.storyboard; sourceTree = "<group>"; };
		EF908A1B1C862A3F006364BA /* Info.plist */ = {isa = PBXFileReference; lastKnownFileType = text.plist.xml; path = Info.plist; sourceTree = "<group>"; };
		EF908A221C862BA2006364BA /* Background.png */ = {isa = PBXFileReference; lastKnownFileType = image.png; path = Background.png; sourceTree = "<group>"; };
		EF908A231C862BA2006364BA /* LargePlatform.png */ = {isa = PBXFileReference; lastKnownFileType = image.png; path = LargePlatform.png; sourceTree = "<group>"; };
		EF908A241C862BA2006364BA /* LowTile.png */ = {isa = PBXFileReference; lastKnownFileType = image.png; path = LowTile.png; sourceTree = "<group>"; };
		EF908A251C862BA2006364BA /* mainTile.png */ = {isa = PBXFileReference; lastKnownFileType = image.png; path = mainTile.png; sourceTree = "<group>"; };
		EF908A261C862BA2006364BA /* SmallPlatform.png */ = {isa = PBXFileReference; lastKnownFileType = image.png; path = SmallPlatform.png; sourceTree = "<group>"; };
		EF908A271C862BA2006364BA /* SmallTile.png */ = {isa = PBXFileReference; lastKnownFileType = image.png; path = SmallTile.png; sourceTree = "<group>"; };
		EF908A2E1C863093006364BA /* SKSpriteNodeExtension.swift */ = {isa = PBXFileReference; fileEncoding = 4; lastKnownFileType = sourcecode.swift; path = SKSpriteNodeExtension.swift; sourceTree = "<group>"; };
		EF908A341C863CF5006364BA /* frame-got-hit.png */ = {isa = PBXFileReference; lastKnownFileType = image.png; path = "frame-got-hit.png"; sourceTree = "<group>"; };
		EF908A361C863CF5006364BA /* idle-1.png */ = {isa = PBXFileReference; lastKnownFileType = image.png; path = "idle-1.png"; sourceTree = "<group>"; };
		EF908A371C863CF5006364BA /* idle-2.png */ = {isa = PBXFileReference; lastKnownFileType = image.png; path = "idle-2.png"; sourceTree = "<group>"; };
		EF908A391C863CF5006364BA /* jump_fall.png */ = {isa = PBXFileReference; lastKnownFileType = image.png; path = jump_fall.png; sourceTree = "<group>"; };
		EF908A3A1C863CF5006364BA /* jump_up.png */ = {isa = PBXFileReference; lastKnownFileType = image.png; path = jump_up.png; sourceTree = "<group>"; };
		EF908A3C1C863CF5006364BA /* run-1.png */ = {isa = PBXFileReference; lastKnownFileType = image.png; path = "run-1.png"; sourceTree = "<group>"; };
		EF908A3D1C863CF5006364BA /* run-2.png */ = {isa = PBXFileReference; lastKnownFileType = image.png; path = "run-2.png"; sourceTree = "<group>"; };
		EF908A3E1C863CF5006364BA /* run-3.png */ = {isa = PBXFileReference; lastKnownFileType = image.png; path = "run-3.png"; sourceTree = "<group>"; };
		EF908A3F1C863CF5006364BA /* run-4.png */ = {isa = PBXFileReference; lastKnownFileType = image.png; path = "run-4.png"; sourceTree = "<group>"; };
		EF908A401C863CF5006364BA /* run-5.png */ = {isa = PBXFileReference; lastKnownFileType = image.png; path = "run-5.png"; sourceTree = "<group>"; };
		EF908A411C863CF5006364BA /* run-6.png */ = {isa = PBXFileReference; lastKnownFileType = image.png; path = "run-6.png"; sourceTree = "<group>"; };
		EF908A4F1C86438E006364BA /* Collision.swift */ = {isa = PBXFileReference; fileEncoding = 4; lastKnownFileType = sourcecode.swift; path = Collision.swift; sourceTree = "<group>"; };
		EF908A541C8659AF006364BA /* orb-blue.png */ = {isa = PBXFileReference; lastKnownFileType = image.png; path = "orb-blue.png"; sourceTree = "<group>"; };
		EF908A551C8659AF006364BA /* orb-red.png */ = {isa = PBXFileReference; lastKnownFileType = image.png; path = "orb-red.png"; sourceTree = "<group>"; };
		EF908A5A1C865D6A006364BA /* Spacing.swift */ = {isa = PBXFileReference; fileEncoding = 4; lastKnownFileType = sourcecode.swift; path = Spacing.swift; sourceTree = "<group>"; };
		EF98A4511C876065005E57D1 /* Sprite.swift */ = {isa = PBXFileReference; fileEncoding = 4; lastKnownFileType = sourcecode.swift; path = Sprite.swift; sourceTree = "<group>"; };
		EF98A4531C8760EA005E57D1 /* BaseSprite.swift */ = {isa = PBXFileReference; fileEncoding = 4; lastKnownFileType = sourcecode.swift; path = BaseSprite.swift; sourceTree = "<group>"; };
		EF98A4551C8761D3005E57D1 /* MainPlatform.swift */ = {isa = PBXFileReference; fileEncoding = 4; lastKnownFileType = sourcecode.swift; path = MainPlatform.swift; sourceTree = "<group>"; };
		EF98A4571C876398005E57D1 /* Player.swift */ = {isa = PBXFileReference; fileEncoding = 4; lastKnownFileType = sourcecode.swift; path = Player.swift; sourceTree = "<group>"; };
		EF98A4591C87652F005E57D1 /* Orb.swift */ = {isa = PBXFileReference; fileEncoding = 4; lastKnownFileType = sourcecode.swift; path = Orb.swift; sourceTree = "<group>"; };
		EF98A45D1C876F74005E57D1 /* sfx-jump.mp3 */ = {isa = PBXFileReference; lastKnownFileType = audio.mp3; path = "sfx-jump.mp3"; sourceTree = "<group>"; };
		EF98A45F1C8775FF005E57D1 /* Coin.mp3 */ = {isa = PBXFileReference; lastKnownFileType = audio.mp3; path = Coin.mp3; sourceTree = "<group>"; };
		EF98A4601C8775FF005E57D1 /* S31-City-on-Speed.mp3 */ = {isa = PBXFileReference; lastKnownFileType = audio.mp3; path = "S31-City-on-Speed.mp3"; sourceTree = "<group>"; };
		EF98A4611C8775FF005E57D1 /* S31-Internal-Reflection.mp3 */ = {isa = PBXFileReference; lastKnownFileType = audio.mp3; path = "S31-Internal-Reflection.mp3"; sourceTree = "<group>"; };
		EF98A4621C8775FF005E57D1 /* spaceranger3.mp3 */ = {isa = PBXFileReference; lastKnownFileType = audio.mp3; path = spaceranger3.mp3; sourceTree = "<group>"; };
		EF98A4671C877616005E57D1 /* Ascend.mp3 */ = {isa = PBXFileReference; lastKnownFileType = audio.mp3; path = Ascend.mp3; sourceTree = "<group>"; };
/* End PBXFileReference section */

/* Begin PBXFrameworksBuildPhase section */
		EF908A051C862A3F006364BA /* Frameworks */ = {
			isa = PBXFrameworksBuildPhase;
			buildActionMask = 2147483647;
			files = (
			);
			runOnlyForDeploymentPostprocessing = 0;
		};
/* End PBXFrameworksBuildPhase section */

/* Begin PBXGroup section */
		EF9089FF1C862A3F006364BA = {
			isa = PBXGroup;
			children = (
				EF908A0A1C862A3F006364BA /* Rpgby */,
				EF908A091C862A3F006364BA /* Products */,
			);
			sourceTree = "<group>";
		};
		EF908A091C862A3F006364BA /* Products */ = {
			isa = PBXGroup;
			children = (
				EF908A081C862A3F006364BA /* Rpgby.app */,
			);
			name = Products;
			sourceTree = "<group>";
		};
		EF908A0A1C862A3F006364BA /* Rpgby */ = {
			isa = PBXGroup;
			children = (
				EF908A211C862B7F006364BA /* Res */,
				EF908A0B1C862A3F006364BA /* AppDelegate.swift */,
				EF908A0D1C862A3F006364BA /* GameScene.sks */,
				EF908A0F1C862A3F006364BA /* GameScene.swift */,
				EF98A4511C876065005E57D1 /* Sprite.swift */,
				EF98A4531C8760EA005E57D1 /* BaseSprite.swift */,
				EF98A4571C876398005E57D1 /* Player.swift */,
				EF98A4591C87652F005E57D1 /* Orb.swift */,
				EF98A4551C8761D3005E57D1 /* MainPlatform.swift */,
				EF908A4F1C86438E006364BA /* Collision.swift */,
				EF908A5A1C865D6A006364BA /* Spacing.swift */,
				EF908A2E1C863093006364BA /* SKSpriteNodeExtension.swift */,
				EF908A111C862A3F006364BA /* GameViewController.swift */,
				EF908A131C862A3F006364BA /* Main.storyboard */,
				EF908A161C862A3F006364BA /* Assets.xcassets */,
				EF908A181C862A3F006364BA /* LaunchScreen.storyboard */,
				EF908A1B1C862A3F006364BA /* Info.plist */,
			);
			path = Rpgby;
			sourceTree = "<group>";
		};
		EF908A211C862B7F006364BA /* Res */ = {
			isa = PBXGroup;
			children = (
				EF98A44A1C87504D005E57D1 /* sound */,
				EF908A511C86570B006364BA /* orb */,
				EF908A321C863CCA006364BA /* player */,
				EF908A311C863CC0006364BA /* world */,
			);
			name = Res;
			sourceTree = "<group>";
		};
		EF908A311C863CC0006364BA /* world */ = {
			isa = PBXGroup;
			children = (
				EF908A221C862BA2006364BA /* Background.png */,
				EF908A231C862BA2006364BA /* LargePlatform.png */,
				EF908A241C862BA2006364BA /* LowTile.png */,
				EF908A251C862BA2006364BA /* mainTile.png */,
				EF908A261C862BA2006364BA /* SmallPlatform.png */,
				EF908A271C862BA2006364BA /* SmallTile.png */,
			);
			name = world;
			sourceTree = "<group>";
		};
		EF908A321C863CCA006364BA /* player */ = {
			isa = PBXGroup;
			children = (
				EF908A331C863CF5006364BA /* got hit */,
				EF908A351C863CF5006364BA /* idle */,
				EF908A381C863CF5006364BA /* jump */,
				EF908A3B1C863CF5006364BA /* running */,
			);
			name = player;
			sourceTree = "<group>";
		};
		EF908A331C863CF5006364BA /* got hit */ = {
			isa = PBXGroup;
			children = (
				EF908A341C863CF5006364BA /* frame-got-hit.png */,
			);
			path = "got hit";
			sourceTree = "<group>";
		};
		EF908A351C863CF5006364BA /* idle */ = {
			isa = PBXGroup;
			children = (
				EF908A361C863CF5006364BA /* idle-1.png */,
				EF908A371C863CF5006364BA /* idle-2.png */,
			);
			path = idle;
			sourceTree = "<group>";
		};
		EF908A381C863CF5006364BA /* jump */ = {
			isa = PBXGroup;
			children = (
				EF908A391C863CF5006364BA /* jump_fall.png */,
				EF908A3A1C863CF5006364BA /* jump_up.png */,
			);
			path = jump;
			sourceTree = "<group>";
		};
		EF908A3B1C863CF5006364BA /* running */ = {
			isa = PBXGroup;
			children = (
				EF908A3C1C863CF5006364BA /* run-1.png */,
				EF908A3D1C863CF5006364BA /* run-2.png */,
				EF908A3E1C863CF5006364BA /* run-3.png */,
				EF908A3F1C863CF5006364BA /* run-4.png */,
				EF908A401C863CF5006364BA /* run-5.png */,
				EF908A411C863CF5006364BA /* run-6.png */,
			);
			path = running;
			sourceTree = "<group>";
		};
		EF908A511C86570B006364BA /* orb */ = {
			isa = PBXGroup;
			children = (
				EF908A541C8659AF006364BA /* orb-blue.png */,
				EF908A551C8659AF006364BA /* orb-red.png */,
			);
			name = orb;
			sourceTree = "<group>";
		};
		EF98A44A1C87504D005E57D1 /* sound */ = {
			isa = PBXGroup;
			children = (
				EF98A4671C877616005E57D1 /* Ascend.mp3 */,
				EF98A45F1C8775FF005E57D1 /* Coin.mp3 */,
				EF98A4601C8775FF005E57D1 /* S31-City-on-Speed.mp3 */,
				EF98A4611C8775FF005E57D1 /* S31-Internal-Reflection.mp3 */,
				EF98A4621C8775FF005E57D1 /* spaceranger3.mp3 */,
				EF98A45D1C876F74005E57D1 /* sfx-jump.mp3 */,
			);
			name = sound;
			sourceTree = "<group>";
		};
/* End PBXGroup section */

/* Begin PBXNativeTarget section */
		EF908A071C862A3F006364BA /* Rpgby */ = {
			isa = PBXNativeTarget;
			buildConfigurationList = EF908A1E1C862A3F006364BA /* Build configuration list for PBXNativeTarget "Rpgby" */;
			buildPhases = (
				EF908A041C862A3F006364BA /* Sources */,
				EF908A051C862A3F006364BA /* Frameworks */,
				EF908A061C862A3F006364BA /* Resources */,
			);
			buildRules = (
			);
			dependencies = (
			);
			name = Rpgby;
			productName = Rpgby;
			productReference = EF908A081C862A3F006364BA /* Rpgby.app */;
			productType = "com.apple.product-type.application";
		};
/* End PBXNativeTarget section */

/* Begin PBXProject section */
		EF908A001C862A3F006364BA /* Project object */ = {
			isa = PBXProject;
			attributes = {
				LastUpgradeCheck = 0700;
				ORGANIZATIONNAME = "James Carroll";
				TargetAttributes = {
					EF908A071C862A3F006364BA = {
						CreatedOnToolsVersion = 7.0;
					};
				};
			};
			buildConfigurationList = EF908A031C862A3F006364BA /* Build configuration list for PBXProject "Rpgby" */;
			compatibilityVersion = "Xcode 3.2";
			developmentRegion = English;
			hasScannedForEncodings = 0;
			knownRegions = (
				en,
				Base,
			);
			mainGroup = EF9089FF1C862A3F006364BA;
			productRefGroup = EF908A091C862A3F006364BA /* Products */;
			projectDirPath = "";
			projectRoot = "";
			targets = (
				EF908A071C862A3F006364BA /* Rpgby */,
			);
		};
/* End PBXProject section */

/* Begin PBXResourcesBuildPhase section */
		EF908A061C862A3F006364BA /* Resources */ = {
			isa = PBXResourcesBuildPhase;
			buildActionMask = 2147483647;
			files = (
				EF908A571C8659AF006364BA /* orb-red.png in Resources */,
				EF908A451C863CF5006364BA /* jump_fall.png in Resources */,
				EF908A4A1C863CF5006364BA /* run-4.png in Resources */,
				EF908A491C863CF5006364BA /* run-3.png in Resources */,
				EF98A45E1C876F74005E57D1 /* sfx-jump.mp3 in Resources */,
				EF908A0E1C862A3F006364BA /* GameScene.sks in Resources */,
				EF908A421C863CF5006364BA /* frame-got-hit.png in Resources */,
				EF98A4681C877616005E57D1 /* Ascend.mp3 in Resources */,
				EF908A1A1C862A3F006364BA /* LaunchScreen.storyboard in Resources */,
				EF908A461C863CF5006364BA /* jump_up.png in Resources */,
				EF908A561C8659AF006364BA /* orb-blue.png in Resources */,
				EF908A2C1C862BA2006364BA /* SmallPlatform.png in Resources */,
				EF908A2B1C862BA2006364BA /* mainTile.png in Resources */,
				EF98A4631C8775FF005E57D1 /* Coin.mp3 in Resources */,
				EF98A4651C8775FF005E57D1 /* S31-Internal-Reflection.mp3 in Resources */,
				EF908A471C863CF5006364BA /* run-1.png in Resources */,
				EF908A4C1C863CF5006364BA /* run-6.png in Resources */,
				EF908A281C862BA2006364BA /* Background.png in Resources */,
				EF908A4B1C863CF5006364BA /* run-5.png in Resources */,
				EF908A441C863CF5006364BA /* idle-2.png in Resources */,
				EF908A2D1C862BA2006364BA /* SmallTile.png in Resources */,
				EF98A4661C8775FF005E57D1 /* spaceranger3.mp3 in Resources */,
				EF908A481C863CF5006364BA /* run-2.png in Resources */,
				EF908A431C863CF5006364BA /* idle-1.png in Resources */,
				EF908A2A1C862BA2006364BA /* LowTile.png in Resources */,
				EF908A171C862A3F006364BA /* Assets.xcassets in Resources */,
				EF908A291C862BA2006364BA /* LargePlatform.png in Resources */,
				EF98A4641C8775FF005E57D1 /* S31-City-on-Speed.mp3 in Resources */,
				EF908A151C862A3F006364BA /* Main.storyboard in Resources */,
			);
			runOnlyForDeploymentPostprocessing = 0;
		};
/* End PBXResourcesBuildPhase section */

/* Begin PBXSourcesBuildPhase section */
		EF908A041C862A3F006364BA /* Sources */ = {
			isa = PBXSourcesBuildPhase;
			buildActionMask = 2147483647;
			files = (
				EF908A5B1C865D6A006364BA /* Spacing.swift in Sources */,
				EF98A4541C8760EA005E57D1 /* BaseSprite.swift in Sources */,
				EF98A4521C876065005E57D1 /* Sprite.swift in Sources */,
				EF98A4581C876398005E57D1 /* Player.swift in Sources */,
				EF908A101C862A3F006364BA /* GameScene.swift in Sources */,
				EF908A121C862A3F006364BA /* GameViewController.swift in Sources */,
				EF98A4561C8761D3005E57D1 /* MainPlatform.swift in Sources */,
				EF98A45A1C87652F005E57D1 /* Orb.swift in Sources */,
				EF908A2F1C863093006364BA /* SKSpriteNodeExtension.swift in Sources */,
				EF908A501C86438E006364BA /* Collision.swift in Sources */,
				EF908A0C1C862A3F006364BA /* AppDelegate.swift in Sources */,
			);
			runOnlyForDeploymentPostprocessing = 0;
		};
/* End PBXSourcesBuildPhase section */

/* Begin PBXVariantGroup section */
		EF908A131C862A3F006364BA /* Main.storyboard */ = {
			isa = PBXVariantGroup;
			children = (
				EF908A141C862A3F006364BA /* Base */,
			);
			name = Main.storyboard;
			sourceTree = "<group>";
		};
		EF908A181C862A3F006364BA /* LaunchScreen.storyboard */ = {
			isa = PBXVariantGroup;
			children = (
				EF908A191C862A3F006364BA /* Base */,
			);
			name = LaunchScreen.storyboard;
			sourceTree = "<group>";
		};
/* End PBXVariantGroup section */

/* Begin XCBuildConfiguration section */
		EF908A1C1C862A3F006364BA /* Debug */ = {
			isa = XCBuildConfiguration;
			buildSettings = {
				ALWAYS_SEARCH_USER_PATHS = NO;
				CLANG_CXX_LANGUAGE_STANDARD = "gnu++0x";
				CLANG_CXX_LIBRARY = "libc++";
				CLANG_ENABLE_MODULES = YES;
				CLANG_ENABLE_OBJC_ARC = YES;
				CLANG_WARN_BOOL_CONVERSION = YES;
				CLANG_WARN_CONSTANT_CONVERSION = YES;
				CLANG_WARN_DIRECT_OBJC_ISA_USAGE = YES_ERROR;
				CLANG_WARN_EMPTY_BODY = YES;
				CLANG_WARN_ENUM_CONVERSION = YES;
				CLANG_WARN_INT_CONVERSION = YES;
				CLANG_WARN_OBJC_ROOT_CLASS = YES_ERROR;
				CLANG_WARN_UNREACHABLE_CODE = YES;
				CLANG_WARN__DUPLICATE_METHOD_MATCH = YES;
				"CODE_SIGN_IDENTITY[sdk=iphoneos*]" = "iPhone Developer";
				COPY_PHASE_STRIP = NO;
				DEBUG_INFORMATION_FORMAT = "dwarf-with-dsym";
				ENABLE_STRICT_OBJC_MSGSEND = YES;
				ENABLE_TESTABILITY = YES;
				GCC_C_LANGUAGE_STANDARD = gnu99;
				GCC_DYNAMIC_NO_PIC = NO;
				GCC_NO_COMMON_BLOCKS = YES;
				GCC_OPTIMIZATION_LEVEL = 0;
				GCC_PREPROCESSOR_DEFINITIONS = (
					"DEBUG=1",
					"$(inherited)",
				);
				GCC_WARN_64_TO_32_BIT_CONVERSION = YES;
				GCC_WARN_ABOUT_RETURN_TYPE = YES_ERROR;
				GCC_WARN_UNDECLARED_SELECTOR = YES;
				GCC_WARN_UNINITIALIZED_AUTOS = YES_AGGRESSIVE;
				GCC_WARN_UNUSED_FUNCTION = YES;
				GCC_WARN_UNUSED_VARIABLE = YES;
				IPHONEOS_DEPLOYMENT_TARGET = 9.0;
				MTL_ENABLE_DEBUG_INFO = YES;
				ONLY_ACTIVE_ARCH = YES;
				SDKROOT = iphoneos;
				SWIFT_OPTIMIZATION_LEVEL = "-Onone";
				TARGETED_DEVICE_FAMILY = "1,2";
			};
			name = Debug;
		};
		EF908A1D1C862A3F006364BA /* Release */ = {
			isa = XCBuildConfiguration;
			buildSettings = {
				ALWAYS_SEARCH_USER_PATHS = NO;
				CLANG_CXX_LANGUAGE_STANDARD = "gnu++0x";
				CLANG_CXX_LIBRARY = "libc++";
				CLANG_ENABLE_MODULES = YES;
				CLANG_ENABLE_OBJC_ARC = YES;
				CLANG_WARN_BOOL_CONVERSION = YES;
				CLANG_WARN_CONSTANT_CONVERSION = YES;
				CLANG_WARN_DIRECT_OBJC_ISA_USAGE = YES_ERROR;
				CLANG_WARN_EMPTY_BODY = YES;
				CLANG_WARN_ENUM_CONVERSION = YES;
				CLANG_WARN_INT_CONVERSION = YES;
				CLANG_WARN_OBJC_ROOT_CLASS = YES_ERROR;
				CLANG_WARN_UNREACHABLE_CODE = YES;
				CLANG_WARN__DUPLICATE_METHOD_MATCH = YES;
				"CODE_SIGN_IDENTITY[sdk=iphoneos*]" = "iPhone Developer";
				COPY_PHASE_STRIP = NO;
				DEBUG_INFORMATION_FORMAT = "dwarf-with-dsym";
				ENABLE_NS_ASSERTIONS = NO;
				ENABLE_STRICT_OBJC_MSGSEND = YES;
				GCC_C_LANGUAGE_STANDARD = gnu99;
				GCC_NO_COMMON_BLOCKS = YES;
				GCC_WARN_64_TO_32_BIT_CONVERSION = YES;
				GCC_WARN_ABOUT_RETURN_TYPE = YES_ERROR;
				GCC_WARN_UNDECLARED_SELECTOR = YES;
				GCC_WARN_UNINITIALIZED_AUTOS = YES_AGGRESSIVE;
				GCC_WARN_UNUSED_FUNCTION = YES;
				GCC_WARN_UNUSED_VARIABLE = YES;
				IPHONEOS_DEPLOYMENT_TARGET = 9.0;
				MTL_ENABLE_DEBUG_INFO = NO;
				SDKROOT = iphoneos;
				TARGETED_DEVICE_FAMILY = "1,2";
				VALIDATE_PRODUCT = YES;
			};
			name = Release;
		};
		EF908A1F1C862A3F006364BA /* Debug */ = {
			isa = XCBuildConfiguration;
			buildSettings = {
				ASSETCATALOG_COMPILER_APPICON_NAME = AppIcon;
				INFOPLIST_FILE = Rpgby/Info.plist;
				LD_RUNPATH_SEARCH_PATHS = "$(inherited) @executable_path/Frameworks";
				PRODUCT_BUNDLE_IDENTIFIER = xyz.jamescarroll.Rpgby;
				PRODUCT_NAME = "$(TARGET_NAME)";
			};
			name = Debug;
		};
		EF908A201C862A3F006364BA /* Release */ = {
			isa = XCBuildConfiguration;
			buildSettings = {
				ASSETCATALOG_COMPILER_APPICON_NAME = AppIcon;
				INFOPLIST_FILE = Rpgby/Info.plist;
				LD_RUNPATH_SEARCH_PATHS = "$(inherited) @executable_path/Frameworks";
				PRODUCT_BUNDLE_IDENTIFIER = xyz.jamescarroll.Rpgby;
				PRODUCT_NAME = "$(TARGET_NAME)";
			};
			name = Release;
		};
/* End XCBuildConfiguration section */

/* Begin XCConfigurationList section */
		EF908A031C862A3F006364BA /* Build configuration list for PBXProject "Rpgby" */ = {
			isa = XCConfigurationList;
			buildConfigurations = (
				EF908A1C1C862A3F006364BA /* Debug */,
				EF908A1D1C862A3F006364BA /* Release */,
			);
			defaultConfigurationIsVisible = 0;
			defaultConfigurationName = Release;
		};
		EF908A1E1C862A3F006364BA /* Build configuration list for PBXNativeTarget "Rpgby" */ = {
			isa = XCConfigurationList;
			buildConfigurations = (
				EF908A1F1C862A3F006364BA /* Debug */,
				EF908A201C862A3F006364BA /* Release */,
			);
			defaultConfigurationIsVisible = 0;
			defaultConfigurationName = Release;
		};
/* End XCConfigurationList section */
	};
	rootObject = EF908A001C862A3F006364BA /* Project object */;
}
